{
  "name": "infest-web",
  "version": "1.0.0",
  "lockfileVersion": 3,
  "requires": true,
  "packages": {
    "": {
      "name": "infest-web",
      "version": "1.0.0",
      "license": "ISC",
      "dependencies": {
        "jquery": "^3.7.1",
        "tailwindcss": "^4.1.7"
      }
    },
    "node_modules/jquery": {
      "version": "3.7.1",
      "resolved": "https://registry.npmjs.org/jquery/-/jquery-3.7.1.tgz",
      "integrity": "sha512-m4avr8yL8kmFN8psrbFFFmB/If14iN5o9nw/NgnnM+kybDJpRsAynV2BsfpTYrTRysYUdADVD7CkUUizgkpLfg==",
      "license": "MIT"
    },
    "node_modules/tailwindcss": {
      "version": "4.1.7",
      "resolved": "https://registry.npmjs.org/tailwindcss/-/tailwindcss-4.1.7.tgz",
      "integrity": "sha512-kr1o/ErIdNhTz8uzAYL7TpaUuzKIE6QPQ4qmSdxnoX/lo+5wmUHQA6h3L5yIqEImSRnAAURDirLu/BgiXGPAhg==",
      "license": "MIT"
    }
  }
}
